
Microsoft Visual Studio Solution File, Format Version 12.00
# Visual Studio Version 16
VisualStudioVersion = 16.0.29424.173
MinimumVisualStudioVersion = 10.0.40219.1
Project("{FAE04EC0-301F-11D3-BF4B-00C04F79EFBC}") = "GameXepHinh", "GameXepHinh\GameXepHinh.csproj", "{AECE8B3C-A0C5-4AFB-A2FA-CA68CFC9927E}"
EndProject
Global
	GlobalSection(SolutionConfigurationPlatforms) = preSolution
		Debug|Any CPU = Debug|Any CPU
		Release|Any CPU = Release|Any CPU
	EndGlobalSection
	GlobalSection(ProjectConfigurationPlatforms) = postSolution
		{AECE8B3C-A0C5-4AFB-A2FA-CA68CFC9927E}.Debug|Any CPU.ActiveCfg = Debug|Any CPU
		{AECE8B3C-A0C5-4AFB-A2FA-CA68CFC9927E}.Debug|Any CPU.Build.0 = Debug|Any CPU
		{AECE8B3C-A0C5-4AFB-A2FA-CA68CFC9927E}.Release|Any CPU.ActiveCfg = Release|Any CPU
		{AECE8B3C-A0C5-4AFB-A2FA-CA68CFC9927E}.Release|Any CPU.Build.0 = Release|Any CPU
	EndGlobalSection
	GlobalSection(SolutionProperties) = preSolution
		HideSolutionNode = FALSE
	EndGlobalSection
	GlobalSection(ExtensibilityGlobals) = postSolution
		SolutionGuid = {AA90ADAE-A18D-4D17-9A78-677CA45E89F6}
	EndGlobalSection
EndGlobal
